
Microsoft Visual Studio Solution File, Format Version 12.00
# Visual Studio Version 17
VisualStudioVersion = 17.11.35312.102
MinimumVisualStudioVersion = 10.0.40219.1
Project("{9A19103F-16F7-4668-BE54-9A1E7A4F7556}") = "CRM.ConsoleApp", "CRM.ConsoleApp\CRM.ConsoleApp.csproj", "{D80C0E9A-3A22-472E-AB99-9A5665D91006}"
EndProject
Project("{9A19103F-16F7-4668-BE54-9A1E7A4F7556}") = "ConsoleApp2", "ConsoleApp2\ConsoleApp2.csproj", "{4E42D423-B9C6-4C63-A617-5278313260EA}"
EndProject
Project("{FAE04EC0-301F-11D3-BF4B-00C04F79EFBC}") = "Form", "teste\Form.csproj", "{AB16734C-A244-4FF3-B877-BB485169FF88}"
EndProject
Project("{9A19103F-16F7-4668-BE54-9A1E7A4F7556}") = "DockerAspNet.API", "DockerAspNet.API\DockerAspNet.API\DockerAspNet.API.csproj", "{BB520F70-7F52-4112-8F82-014F4A7C4888}"
EndProject
Project("{FAE04EC0-301F-11D3-BF4B-00C04F79EFBC}") = "WebApplication1", "WebApplication1\WebApplication1.csproj", "{B228B78E-2F42-46FB-9F7E-544237574F33}"
EndProject
Global
	GlobalSection(SolutionConfigurationPlatforms) = preSolution
		Debug|Any CPU = Debug|Any CPU
		Release|Any CPU = Release|Any CPU
	EndGlobalSection
	GlobalSection(ProjectConfigurationPlatforms) = postSolution
		{D80C0E9A-3A22-472E-AB99-9A5665D91006}.Debug|Any CPU.ActiveCfg = Debug|Any CPU
		{D80C0E9A-3A22-472E-AB99-9A5665D91006}.Debug|Any CPU.Build.0 = Debug|Any CPU
		{D80C0E9A-3A22-472E-AB99-9A5665D91006}.Release|Any CPU.ActiveCfg = Release|Any CPU
		{D80C0E9A-3A22-472E-AB99-9A5665D91006}.Release|Any CPU.Build.0 = Release|Any CPU
		{4E42D423-B9C6-4C63-A617-5278313260EA}.Debug|Any CPU.ActiveCfg = Debug|Any CPU
		{4E42D423-B9C6-4C63-A617-5278313260EA}.Debug|Any CPU.Build.0 = Debug|Any CPU
		{4E42D423-B9C6-4C63-A617-5278313260EA}.Release|Any CPU.ActiveCfg = Release|Any CPU
		{4E42D423-B9C6-4C63-A617-5278313260EA}.Release|Any CPU.Build.0 = Release|Any CPU
		{AB16734C-A244-4FF3-B877-BB485169FF88}.Debug|Any CPU.ActiveCfg = Debug|Any CPU
		{AB16734C-A244-4FF3-B877-BB485169FF88}.Debug|Any CPU.Build.0 = Debug|Any CPU
		{AB16734C-A244-4FF3-B877-BB485169FF88}.Release|Any CPU.ActiveCfg = Release|Any CPU
		{AB16734C-A244-4FF3-B877-BB485169FF88}.Release|Any CPU.Build.0 = Release|Any CPU
		{BB520F70-7F52-4112-8F82-014F4A7C4888}.Debug|Any CPU.ActiveCfg = Debug|Any CPU
		{BB520F70-7F52-4112-8F82-014F4A7C4888}.Debug|Any CPU.Build.0 = Debug|Any CPU
		{BB520F70-7F52-4112-8F82-014F4A7C4888}.Release|Any CPU.ActiveCfg = Release|Any CPU
		{BB520F70-7F52-4112-8F82-014F4A7C4888}.Release|Any CPU.Build.0 = Release|Any CPU
		{B228B78E-2F42-46FB-9F7E-544237574F33}.Debug|Any CPU.ActiveCfg = Debug|Any CPU
		{B228B78E-2F42-46FB-9F7E-544237574F33}.Debug|Any CPU.Build.0 = Debug|Any CPU
		{B228B78E-2F42-46FB-9F7E-544237574F33}.Release|Any CPU.ActiveCfg = Release|Any CPU
		{B228B78E-2F42-46FB-9F7E-544237574F33}.Release|Any CPU.Build.0 = Release|Any CPU
	EndGlobalSection
	GlobalSection(SolutionProperties) = preSolution
		HideSolutionNode = FALSE
	EndGlobalSection
	GlobalSection(ExtensibilityGlobals) = postSolution
		SolutionGuid = {AB5E4CCF-C061-484B-BB45-43FE37B5945E}
	EndGlobalSection
EndGlobal
